{
  "version": "5",
  "specifiers": {
    "jsr:@deno/installer-shell-setup@*": "0.3.4"
  },
  "jsr": {
    "@deno/installer-shell-setup@0.3.4": {
      "integrity": "48665d1a737d487cce6874bc97bba70a5aeffa7053aca3f60df93c6fab8963b4"
    }
  },
  "workspace": {
    "packageJson": {
      "dependencies": [
        "npm:@anthropic-ai/claude-agent-sdk@~0.3.220",
        "npm:@cloudflare/workers-types@^4.20260527.1",
        "npm:@dnd-kit/core@^6.3.1",
        "npm:@dnd-kit/sortable@10",
        "npm:@eslint/js@^9.39.2",
        "npm:@playwright/test@^1.60.0",
        "npm:@sentry/cli@^3.6.0",
        "npm:@sentry/react@^10.56.0",
        "npm:@sentry/vite-plugin@^5.3.0",
        "npm:@supabase/supabase-js@^2.95.3",
        "npm:@tailwindcss/vite@^4.1.18",
        "npm:@tanstack/react-query@^5.90.21",
        "npm:@tanstack/react-virtual@^3.14.2",
        "npm:@tesseract.js-data/eng@1",
        "npm:@tiptap/extension-image@^3.23.6",
        "npm:@tiptap/extension-link@^3.23.6",
        "npm:@tiptap/extension-placeholder@^3.23.6",
        "npm:@tiptap/extension-table-cell@^3.23.6",
        "npm:@tiptap/extension-table-header@^3.23.6",
        "npm:@tiptap/extension-table-row@^3.23.6",
        "npm:@tiptap/extension-table@^3.23.6",
        "npm:@tiptap/extension-typography@^3.23.6",
        "npm:@tiptap/react@^3.23.6",
        "npm:@tiptap/starter-kit@^3.23.6",
        "npm:@types/react-dom@^19.2.3",
        "npm:@types/react@^19.2.14",
        "npm:@types/three@0.180",
        "npm:@vitejs/plugin-react@^5.1.4",
        "npm:@vitest/coverage-v8@^4.1.8",
        "npm:axe-core@^4.12.0",
        "npm:class-variance-authority@~0.7.1",
        "npm:client-zip@^2.5.0",
        "npm:clsx@^2.1.1",
        "npm:eslint-plugin-jsx-a11y@^6.10.2",
        "npm:eslint-plugin-react-hooks@^5.2.0",
        "npm:eslint-plugin-react-refresh@0.5",
        "npm:eslint@^9.39.2",
        "npm:fake-indexeddb@^6.2.5",
        "npm:globals@^17.3.0",
        "npm:gsap@^3.15.0",
        "npm:heic-to@^1.5.2",
        "npm:jsdom@^29.1.1",
        "npm:lenis@^1.3.25",
        "npm:lucide-react@0.564",
        "npm:next-themes@~0.4.6",
        "npm:onnxruntime-web@^1.21.0",
        "npm:pgsql-parser@^18.2.6",
        "npm:posthog-js@^1.347.2",
        "npm:qrcode-generator@^1.5.2",
        "npm:qrcode.react@^4.2.0",
        "npm:radix-ui@^1.5.0",
        "npm:react-dom@^19.2.8",
        "npm:react-router@^8.3.0",
        "npm:react@^19.2.8",
        "npm:recharts@^3.7.0",
        "npm:shadcn@^3.8.5",
        "npm:sonner@^2.0.7",
        "npm:tailwind-merge@^3.4.1",
        "npm:tailwindcss@^4.1.18",
        "npm:tesseract.js-core@7",
        "npm:tesseract.js@7",
        "npm:three@0.180",
        "npm:tw-animate-css@^1.4.0",
        "npm:typescript-eslint@^8.56.0",
        "npm:typescript@^5.9.3",
        "npm:vite-plugin-pwa@^1.3.0",
        "npm:vite@^7.3.1",
        "npm:vitest@^4.1.7",
        "npm:web-vitals@^4.2.4",
        "npm:workers-og@^0.0.27",
        "npm:zustand@^5.0.11"
      ]
    }
  }
}
